// !$*UTF8*$!
{
	archiveVersion = 1;
	classes = {
	};
	objectVersion = 56;
	objects = {

/* Begin PBXBuildFile section */
		B82DEC5129719C8B00BAE6A3 /* StudentPlusClientApp.swift in Sources */ = {isa = PBXBuildFile; fileRef = B82DEC5029719C8B00BAE6A3 /* StudentPlusClientApp.swift */; };
		B82DEC5329719C8B00BAE6A3 /* ContentView.swift in Sources */ = {isa = PBXBuildFile; fileRef = B82DEC5229719C8B00BAE6A3 /* ContentView.swift */; };
		B82DEC5529719C8C00BAE6A3 /* Assets.xcassets in Resources */ = {isa = PBXBuildFile; fileRef = B82DEC5429719C8C00BAE6A3 /* Assets.xcassets */; };
		B82DEC5929719C8C00BAE6A3 /* Preview Assets.xcassets in Resources */ = {isa = PBXBuildFile; fileRef = B82DEC5829719C8C00BAE6A3 /* Preview Assets.xcassets */; };
		B82DEC6329719C8C00BAE6A3 /* StudentPlusClientTests.swift in Sources */ = {isa = PBXBuildFile; fileRef = B82DEC6229719C8C00BAE6A3 /* StudentPlusClientTests.swift */; };
		B82DEC6D29719C8C00BAE6A3 /* StudentPlusClientUITests.swift in Sources */ = {isa = PBXBuildFile; fileRef = B82DEC6C29719C8C00BAE6A3 /* StudentPlusClientUITests.swift */; };
		B82DEC6F29719C8C00BAE6A3 /* StudentPlusClientUITestsLaunchTests.swift in Sources */ = {isa = PBXBuildFile; fileRef = B82DEC6E29719C8C00BAE6A3 /* StudentPlusClientUITestsLaunchTests.swift */; };
		B88D47282975D27700E6F5DB /* WebRTC in Frameworks */ = {isa = PBXBuildFile; productRef = B88D47272975D27700E6F5DB /* WebRTC */; };
/* End PBXBuildFile section */

/* Begin PBXContainerItemProxy section */
		B82DEC5F29719C8C00BAE6A3 /* PBXContainerItemProxy */ = {
			isa = PBXContainerItemProxy;
			containerPortal = B82DEC4529719C8B00BAE6A3 /* Project object */;
			proxyType = 1;
			remoteGlobalIDString = B82DEC4C29719C8B00BAE6A3;
			remoteInfo = StudentPlusClient;
		};
		B82DEC6929719C8C00BAE6A3 /* PBXContainerItemProxy */ = {
			isa = PBXContainerItemProxy;
			containerPortal = B82DEC4529719C8B00BAE6A3 /* Project object */;
			proxyType = 1;
			remoteGlobalIDString = B82DEC4C29719C8B00BAE6A3;
			remoteInfo = StudentPlusClient;
		};
/* End PBXContainerItemProxy section */

/* Begin PBXFileReference section */
		B82DEC4D29719C8B00BAE6A3 /* StudentPlusClient.app */ = {isa = PBXFileReference; explicitFileType = wrapper.application; includeInIndex = 0; path = StudentPlusClient.app; sourceTree = BUILT_PRODUCTS_DIR; };
		B82DEC5029719C8B00BAE6A3 /* StudentPlusClientApp.swift */ = {isa = PBXFileReference; lastKnownFileType = sourcecode.swift; path = StudentPlusClientApp.swift; sourceTree = "<group>"; };
		B82DEC5229719C8B00BAE6A3 /* ContentView.swift */ = {isa = PBXFileReference; lastKnownFileType = sourcecode.swift; path = ContentView.swift; sourceTree = "<group>"; };
		B82DEC5429719C8C00BAE6A3 /* Assets.xcassets */ = {isa = PBXFileReference; lastKnownFileType = folder.assetcatalog; path = Assets.xcassets; sourceTree = "<group>"; };
		B82DEC5629719C8C00BAE6A3 /* StudentPlusClient.entitlements */ = {isa = PBXFileReference; lastKnownFileType = text.plist.entitlements; path = StudentPlusClient.entitlements; sourceTree = "<group>"; };
		B82DEC5829719C8C00BAE6A3 /* Preview Assets.xcassets */ = {isa = PBXFileReference; lastKnownFileType = folder.assetcatalog; path = "Preview Assets.xcassets"; sourceTree = "<group>"; };
		B82DEC5E29719C8C00BAE6A3 /* StudentPlusClientTests.xctest */ = {isa = PBXFileReference; explicitFileType = wrapper.cfbundle; includeInIndex = 0; path = StudentPlusClientTests.xctest; sourceTree = BUILT_PRODUCTS_DIR; };
		B82DEC6229719C8C00BAE6A3 /* StudentPlusClientTests.swift */ = {isa = PBXFileReference; lastKnownFileType = sourcecode.swift; path = StudentPlusClientTests.swift; sourceTree = "<group>"; };
		B82DEC6829719C8C00BAE6A3 /* StudentPlusClientUITests.xctest */ = {isa = PBXFileReference; explicitFileType = wrapper.cfbundle; includeInIndex = 0; path = StudentPlusClientUITests.xctest; sourceTree = BUILT_PRODUCTS_DIR; };
		B82DEC6C29719C8C00BAE6A3 /* StudentPlusClientUITests.swift */ = {isa = PBXFileReference; lastKnownFileType = sourcecode.swift; path = StudentPlusClientUITests.swift; sourceTree = "<group>"; };
		B82DEC6E29719C8C00BAE6A3 /* StudentPlusClientUITestsLaunchTests.swift */ = {isa = PBXFileReference; lastKnownFileType = sourcecode.swift; path = StudentPlusClientUITestsLaunchTests.swift; sourceTree = "<group>"; };
/* End PBXFileReference section */

/* Begin PBXFrameworksBuildPhase section */
		B82DEC4A29719C8B00BAE6A3 /* Frameworks */ = {
			isa = PBXFrameworksBuildPhase;
			buildActionMask = 2147483647;
			files = (
				B88D47282975D27700E6F5DB /* WebRTC in Frameworks */,
			);
			runOnlyForDeploymentPostprocessing = 0;
		};
		B82DEC5B29719C8C00BAE6A3 /* Frameworks */ = {
			isa = PBXFrameworksBuildPhase;
			buildActionMask = 2147483647;
			files = (
			);
			runOnlyForDeploymentPostprocessing = 0;
		};
		B82DEC6529719C8C00BAE6A3 /* Frameworks */ = {
			isa = PBXFrameworksBuildPhase;
			buildActionMask = 2147483647;
			files = (
			);
			runOnlyForDeploymentPostprocessing = 0;
		};
/* End PBXFrameworksBuildPhase section */

/* Begin PBXGroup section */
		B82DEC4429719C8B00BAE6A3 = {
			isa = PBXGroup;
			children = (
				B82DEC4F29719C8B00BAE6A3 /* StudentPlusClient */,
				B82DEC6129719C8C00BAE6A3 /* StudentPlusClientTests */,
				B82DEC6B29719C8C00BAE6A3 /* StudentPlusClientUITests */,
				B82DEC4E29719C8B00BAE6A3 /* Products */,
			);
			sourceTree = "<group>";
		};
		B82DEC4E29719C8B00BAE6A3 /* Products */ = {
			isa = PBXGroup;
			children = (
				B82DEC4D29719C8B00BAE6A3 /* StudentPlusClient.app */,
				B82DEC5E29719C8C00BAE6A3 /* StudentPlusClientTests.xctest */,
				B82DEC6829719C8C00BAE6A3 /* StudentPlusClientUITests.xctest */,
			);
			name = Products;
			sourceTree = "<group>";
		};
		B82DEC4F29719C8B00BAE6A3 /* StudentPlusClient */ = {
			isa = PBXGroup;
			children = (
				B82DEC5029719C8B00BAE6A3 /* StudentPlusClientApp.swift */,
				B82DEC5229719C8B00BAE6A3 /* ContentView.swift */,
				B82DEC5429719C8C00BAE6A3 /* Assets.xcassets */,
				B82DEC5629719C8C00BAE6A3 /* StudentPlusClient.entitlements */,
				B82DEC5729719C8C00BAE6A3 /* Preview Content */,
			);
			path = StudentPlusClient;
			sourceTree = "<group>";
		};
		B82DEC5729719C8C00BAE6A3 /* Preview Content */ = {
			isa = PBXGroup;
			children = (
				B82DEC5829719C8C00BAE6A3 /* Preview Assets.xcassets */,
			);
			path = "Preview Content";
			sourceTree = "<group>";
		};
		B82DEC6129719C8C00BAE6A3 /* StudentPlusClientTests */ = {
			isa = PBXGroup;
			children = (
				B82DEC6229719C8C00BAE6A3 /* StudentPlusClientTests.swift */,
			);
			path = StudentPlusClientTests;
			sourceTree = "<group>";
		};
		B82DEC6B29719C8C00BAE6A3 /* StudentPlusClientUITests */ = {
			isa = PBXGroup;
			children = (
				B82DEC6C29719C8C00BAE6A3 /* StudentPlusClientUITests.swift */,
				B82DEC6E29719C8C00BAE6A3 /* StudentPlusClientUITestsLaunchTests.swift */,
			);
			path = StudentPlusClientUITests;
			sourceTree = "<group>";
		};
/* End PBXGroup section */

/* Begin PBXNativeTarget section */
		B82DEC4C29719C8B00BAE6A3 /* StudentPlusClient */ = {
			isa = PBXNativeTarget;
			buildConfigurationList = B82DEC7229719C8C00BAE6A3 /* Build configuration list for PBXNativeTarget "StudentPlusClient" */;
			buildPhases = (
				B82DEC4929719C8B00BAE6A3 /* Sources */,
				B82DEC4A29719C8B00BAE6A3 /* Frameworks */,
				B82DEC4B29719C8B00BAE6A3 /* Resources */,
			);
			buildRules = (
			);
			dependencies = (
			);
			name = StudentPlusClient;
			packageProductDependencies = (
				B88D47272975D27700E6F5DB /* WebRTC */,
			);
			productName = StudentPlusClient;
			productReference = B82DEC4D29719C8B00BAE6A3 /* StudentPlusClient.app */;
			productType = "com.apple.product-type.application";
		};
		B82DEC5D29719C8C00BAE6A3 /* StudentPlusClientTests */ = {
			isa = PBXNativeTarget;
			buildConfigurationList = B82DEC7529719C8C00BAE6A3 /* Build configuration list for PBXNativeTarget "StudentPlusClientTests" */;
			buildPhases = (
				B82DEC5A29719C8C00BAE6A3 /* Sources */,
				B82DEC5B29719C8C00BAE6A3 /* Frameworks */,
				B82DEC5C29719C8C00BAE6A3 /* Resources */,
			);
			buildRules = (
			);
			dependencies = (
				B82DEC6029719C8C00BAE6A3 /* PBXTargetDependency */,
			);
			name = StudentPlusClientTests;
			productName = StudentPlusClientTests;
			productReference = B82DEC5E29719C8C00BAE6A3 /* StudentPlusClientTests.xctest */;
			productType = "com.apple.product-type.bundle.unit-test";
		};
		B82DEC6729719C8C00BAE6A3 /* StudentPlusClientUITests */ = {
			isa = PBXNativeTarget;
			buildConfigurationList = B82DEC7829719C8C00BAE6A3 /* Build configuration list for PBXNativeTarget "StudentPlusClientUITests" */;
			buildPhases = (
				B82DEC6429719C8C00BAE6A3 /* Sources */,
				B82DEC6529719C8C00BAE6A3 /* Frameworks */,
				B82DEC6629719C8C00BAE6A3 /* Resources */,
			);
			buildRules = (
			);
			dependencies = (
				B82DEC6A29719C8C00BAE6A3 /* PBXTargetDependency */,
			);
			name = StudentPlusClientUITests;
			productName = StudentPlusClientUITests;
			productReference = B82DEC6829719C8C00BAE6A3 /* StudentPlusClientUITests.xctest */;
			productType = "com.apple.product-type.bundle.ui-testing";
		};
/* End PBXNativeTarget section */

/* Begin PBXProject section */
		B82DEC4529719C8B00BAE6A3 /* Project object */ = {
			isa = PBXProject;
			attributes = {
				BuildIndependentTargetsInParallel = 1;
				LastSwiftUpdateCheck = 1420;
				LastUpgradeCheck = 1420;
				TargetAttributes = {
					B82DEC4C29719C8B00BAE6A3 = {
						CreatedOnToolsVersion = 14.2;
					};
					B82DEC5D29719C8C00BAE6A3 = {
						CreatedOnToolsVersion = 14.2;
						TestTargetID = B82DEC4C29719C8B00BAE6A3;
					};
					B82DEC6729719C8C00BAE6A3 = {
						CreatedOnToolsVersion = 14.2;
						TestTargetID = B82DEC4C29719C8B00BAE6A3;
					};
				};
			};
			buildConfigurationList = B82DEC4829719C8B00BAE6A3 /* Build configuration list for PBXProject "StudentPlusClient" */;
			compatibilityVersion = "Xcode 14.0";
			developmentRegion = en;
			hasScannedForEncodings = 0;
			knownRegions = (
				en,
				Base,
			);
			mainGroup = B82DEC4429719C8B00BAE6A3;
			packageReferences = (
				B88D47262975D27700E6F5DB /* XCRemoteSwiftPackageReference "WebRTC" */,
			);
			productRefGroup = B82DEC4E29719C8B00BAE6A3 /* Products */;
			projectDirPath = "";
			projectRoot = "";
			targets = (
				B82DEC4C29719C8B00BAE6A3 /* StudentPlusClient */,
				B82DEC5D29719C8C00BAE6A3 /* StudentPlusClientTests */,
				B82DEC6729719C8C00BAE6A3 /* StudentPlusClientUITests */,
			);
		};
/* End PBXProject section */

/* Begin PBXResourcesBuildPhase section */
		B82DEC4B29719C8B00BAE6A3 /* Resources */ = {
			isa = PBXResourcesBuildPhase;
			buildActionMask = 2147483647;
			files = (
				B82DEC5929719C8C00BAE6A3 /* Preview Assets.xcassets in Resources */,
				B82DEC5529719C8C00BAE6A3 /* Assets.xcassets in Resources */,
			);
			runOnlyForDeploymentPostprocessing = 0;
		};
		B82DEC5C29719C8C00BAE6A3 /* Resources */ = {
			isa = PBXResourcesBuildPhase;
			buildActionMask = 2147483647;
			files = (
			);
			runOnlyForDeploymentPostprocessing = 0;
		};
		B82DEC6629719C8C00BAE6A3 /* Resources */ = {
			isa = PBXResourcesBuildPhase;
			buildActionMask = 2147483647;
			files = (
			);
			runOnlyForDeploymentPostprocessing = 0;
		};
/* End PBXResourcesBuildPhase section */

/* Begin PBXSourcesBuildPhase section */
		B82DEC4929719C8B00BAE6A3 /* Sources */ = {
			isa = PBXSourcesBuildPhase;
			buildActionMask = 2147483647;
			files = (
				B82DEC5329719C8B00BAE6A3 /* ContentView.swift in Sources */,
				B82DEC5129719C8B00BAE6A3 /* StudentPlusClientApp.swift in Sources */,
			);
			runOnlyForDeploymentPostprocessing = 0;
		};
		B82DEC5A29719C8C00BAE6A3 /* Sources */ = {
			isa = PBXSourcesBuildPhase;
			buildActionMask = 2147483647;
			files = (
				B82DEC6329719C8C00BAE6A3 /* StudentPlusClientTests.swift in Sources */,
			);
			runOnlyForDeploymentPostprocessing = 0;
		};
		B82DEC6429719C8C00BAE6A3 /* Sources */ = {
			isa = PBXSourcesBuildPhase;
			buildActionMask = 2147483647;
			files = (
				B82DEC6D29719C8C00BAE6A3 /* StudentPlusClientUITests.swift in Sources */,
				B82DEC6F29719C8C00BAE6A3 /* StudentPlusClientUITestsLaunchTests.swift in Sources */,
			);
			runOnlyForDeploymentPostprocessing = 0;
		};
/* End PBXSourcesBuildPhase section */

/* Begin PBXTargetDependency section */
		B82DEC6029719C8C00BAE6A3 /* PBXTargetDependency */ = {
			isa = PBXTargetDependency;
			target = B82DEC4C29719C8B00BAE6A3 /* StudentPlusClient */;
			targetProxy = B82DEC5F29719C8C00BAE6A3 /* PBXContainerItemProxy */;
		};
		B82DEC6A29719C8C00BAE6A3 /* PBXTargetDependency */ = {
			isa = PBXTargetDependency;
			target = B82DEC4C29719C8B00BAE6A3 /* StudentPlusClient */;
			targetProxy = B82DEC6929719C8C00BAE6A3 /* PBXContainerItemProxy */;
		};
/* End PBXTargetDependency section */

/* Begin XCBuildConfiguration section */
		B82DEC7029719C8C00BAE6A3 /* Debug */ = {
			isa = XCBuildConfiguration;
			buildSettings = {
				ALWAYS_SEARCH_USER_PATHS = NO;
				CLANG_ANALYZER_NONNULL = YES;
				CLANG_ANALYZER_NUMBER_OBJECT_CONVERSION = YES_AGGRESSIVE;
				CLANG_CXX_LANGUAGE_STANDARD = "gnu++20";
				CLANG_ENABLE_MODULES = YES;
				CLANG_ENABLE_OBJC_ARC = YES;
				CLANG_ENABLE_OBJC_WEAK = YES;
				CLANG_WARN_BLOCK_CAPTURE_AUTORELEASING = YES;
				CLANG_WARN_BOOL_CONVERSION = YES;
				CLANG_WARN_COMMA = YES;
				CLANG_WARN_CONSTANT_CONVERSION = YES;
				CLANG_WARN_DEPRECATED_OBJC_IMPLEMENTATIONS = YES;
				CLANG_WARN_DIRECT_OBJC_ISA_USAGE = YES_ERROR;
				CLANG_WARN_DOCUMENTATION_COMMENTS = YES;
				CLANG_WARN_EMPTY_BODY = YES;
				CLANG_WARN_ENUM_CONVERSION = YES;
				CLANG_WARN_INFINITE_RECURSION = YES;
				CLANG_WARN_INT_CONVERSION = YES;
				CLANG_WARN_NON_LITERAL_NULL_CONVERSION = YES;
				CLANG_WARN_OBJC_IMPLICIT_RETAIN_SELF = YES;
				CLANG_WARN_OBJC_LITERAL_CONVERSION = YES;
				CLANG_WARN_OBJC_ROOT_CLASS = YES_ERROR;
				CLANG_WARN_QUOTED_INCLUDE_IN_FRAMEWORK_HEADER = YES;
				CLANG_WARN_RANGE_LOOP_ANALYSIS = YES;
				CLANG_WARN_STRICT_PROTOTYPES = YES;
				CLANG_WARN_SUSPICIOUS_MOVE = YES;
				CLANG_WARN_UNGUARDED_AVAILABILITY = YES_AGGRESSIVE;
				CLANG_WARN_UNREACHABLE_CODE = YES;
				CLANG_WARN__DUPLICATE_METHOD_MATCH = YES;
				COPY_PHASE_STRIP = NO;
				DEBUG_INFORMATION_FORMAT = dwarf;
				ENABLE_STRICT_OBJC_MSGSEND = YES;
				ENABLE_TESTABILITY = YES;
				GCC_C_LANGUAGE_STANDARD = gnu11;
				GCC_DYNAMIC_NO_PIC = NO;
				GCC_NO_COMMON_BLOCKS = YES;
				GCC_OPTIMIZATION_LEVEL = 0;
				GCC_PREPROCESSOR_DEFINITIONS = (
					"DEBUG=1",
					"$(inherited)",
				);
				GCC_WARN_64_TO_32_BIT_CONVERSION = YES;
				GCC_WARN_ABOUT_RETURN_TYPE = YES_ERROR;
				GCC_WARN_UNDECLARED_SELECTOR = YES;
				GCC_WARN_UNINITIALIZED_AUTOS = YES_AGGRESSIVE;
				GCC_WARN_UNUSED_FUNCTION = YES;
				GCC_WARN_UNUSED_VARIABLE = YES;
				MTL_ENABLE_DEBUG_INFO = INCLUDE_SOURCE;
				MTL_FAST_MATH = YES;
				ONLY_ACTIVE_ARCH = YES;
				SWIFT_ACTIVE_COMPILATION_CONDITIONS = DEBUG;
				SWIFT_OPTIMIZATION_LEVEL = "-Onone";
			};
			name = Debug;
		};
		B82DEC7129719C8C00BAE6A3 /* Release */ = {
			isa = XCBuildConfiguration;
			buildSettings = {
				ALWAYS_SEARCH_USER_PATHS = NO;
				CLANG_ANALYZER_NONNULL = YES;
				CLANG_ANALYZER_NUMBER_OBJECT_CONVERSION = YES_AGGRESSIVE;
				CLANG_CXX_LANGUAGE_STANDARD = "gnu++20";
				CLANG_ENABLE_MODULES = YES;
				CLANG_ENABLE_OBJC_ARC = YES;
				CLANG_ENABLE_OBJC_WEAK = YES;
				CLANG_WARN_BLOCK_CAPTURE_AUTORELEASING = YES;
				CLANG_WARN_BOOL_CONVERSION = YES;
				CLANG_WARN_COMMA = YES;
				CLANG_WARN_CONSTANT_CONVERSION = YES;
				CLANG_WARN_DEPRECATED_OBJC_IMPLEMENTATIONS = YES;
				CLANG_WARN_DIRECT_OBJC_ISA_USAGE = YES_ERROR;
				CLANG_WARN_DOCUMENTATION_COMMENTS = YES;
				CLANG_WARN_EMPTY_BODY = YES;
				CLANG_WARN_ENUM_CONVERSION = YES;
				CLANG_WARN_INFINITE_RECURSION = YES;
				CLANG_WARN_INT_CONVERSION = YES;
				CLANG_WARN_NON_LITERAL_NULL_CONVERSION = YES;
				CLANG_WARN_OBJC_IMPLICIT_RETAIN_SELF = YES;
				CLANG_WARN_OBJC_LITERAL_CONVERSION = YES;
				CLANG_WARN_OBJC_ROOT_CLASS = YES_ERROR;
				CLANG_WARN_QUOTED_INCLUDE_IN_FRAMEWORK_HEADER = YES;
				CLANG_WARN_RANGE_LOOP_ANALYSIS = YES;
				CLANG_WARN_STRICT_PROTOTYPES = YES;
				CLANG_WARN_SUSPICIOUS_MOVE = YES;
				CLANG_WARN_UNGUARDED_AVAILABILITY = YES_AGGRESSIVE;
				CLANG_WARN_UNREACHABLE_CODE = YES;
				CLANG_WARN__DUPLICATE_METHOD_MATCH = YES;
				COPY_PHASE_STRIP = NO;
				DEBUG_INFORMATION_FORMAT = "dwarf-with-dsym";
				ENABLE_NS_ASSERTIONS = NO;
				ENABLE_STRICT_OBJC_MSGSEND = YES;
				GCC_C_LANGUAGE_STANDARD = gnu11;
				GCC_NO_COMMON_BLOCKS = YES;
				GCC_WARN_64_TO_32_BIT_CONVERSION = YES;
				GCC_WARN_ABOUT_RETURN_TYPE = YES_ERROR;
				GCC_WARN_UNDECLARED_SELECTOR = YES;
				GCC_WARN_UNINITIALIZED_AUTOS = YES_AGGRESSIVE;
				GCC_WARN_UNUSED_FUNCTION = YES;
				GCC_WARN_UNUSED_VARIABLE = YES;
				MTL_ENABLE_DEBUG_INFO = NO;
				MTL_FAST_MATH = YES;
				SWIFT_COMPILATION_MODE = wholemodule;
				SWIFT_OPTIMIZATION_LEVEL = "-O";
			};
			name = Release;
		};
		B82DEC7329719C8C00BAE6A3 /* Debug */ = {
			isa = XCBuildConfiguration;
			buildSettings = {
				ASSETCATALOG_COMPILER_APPICON_NAME = AppIcon;
				ASSETCATALOG_COMPILER_GLOBAL_ACCENT_COLOR_NAME = AccentColor;
				CODE_SIGN_ENTITLEMENTS = StudentPlusClient/StudentPlusClient.entitlements;
				CODE_SIGN_STYLE = Automatic;
				CURRENT_PROJECT_VERSION = 1;
				DEVELOPMENT_ASSET_PATHS = "\"StudentPlusClient/Preview Content\"";
				DEVELOPMENT_TEAM = DFZ8N2CQSG;
				ENABLE_HARDENED_RUNTIME = YES;
				ENABLE_PREVIEWS = YES;
				GENERATE_INFOPLIST_FILE = YES;
				"INFOPLIST_KEY_UIApplicationSceneManifest_Generation[sdk=iphoneos*]" = YES;
				"INFOPLIST_KEY_UIApplicationSceneManifest_Generation[sdk=iphonesimulator*]" = YES;
				"INFOPLIST_KEY_UIApplicationSupportsIndirectInputEvents[sdk=iphoneos*]" = YES;
				"INFOPLIST_KEY_UIApplicationSupportsIndirectInputEvents[sdk=iphonesimulator*]" = YES;
				"INFOPLIST_KEY_UILaunchScreen_Generation[sdk=iphoneos*]" = YES;
				"INFOPLIST_KEY_UILaunchScreen_Generation[sdk=iphonesimulator*]" = YES;
				"INFOPLIST_KEY_UIStatusBarStyle[sdk=iphoneos*]" = UIStatusBarStyleDefault;
				"INFOPLIST_KEY_UIStatusBarStyle[sdk=iphonesimulator*]" = UIStatusBarStyleDefault;
				INFOPLIST_KEY_UISupportedInterfaceOrientations_iPad = "UIInterfaceOrientationPortrait UIInterfaceOrientationPortraitUpsideDown UIInterfaceOrientationLandscapeLeft UIInterfaceOrientationLandscapeRight";
				INFOPLIST_KEY_UISupportedInterfaceOrientations_iPhone = "UIInterfaceOrientationPortrait UIInterfaceOrientationLandscapeLeft UIInterfaceOrientationLandscapeRight";
				IPHONEOS_DEPLOYMENT_TARGET = 16.2;
				LD_RUNPATH_SEARCH_PATHS = "@executable_path/Frameworks";
				"LD_RUNPATH_SEARCH_PATHS[sdk=macosx*]" = "@executable_path/../Frameworks";
				MACOSX_DEPLOYMENT_TARGET = 13.1;
				MARKETING_VERSION = 1.0;
				PRODUCT_BUNDLE_IDENTIFIER = komoldevelopment.StudentPlusClient;
				PRODUCT_NAME = "$(TARGET_NAME)";
				SDKROOT = auto;
				SUPPORTED_PLATFORMS = "iphoneos iphonesimulator macosx";
				SWIFT_EMIT_LOC_STRINGS = YES;
				SWIFT_VERSION = 5.0;
				TARGETED_DEVICE_FAMILY = "1,2";
			};
			name = Debug;
		};
		B82DEC7429719C8C00BAE6A3 /* Release */ = {
			isa = XCBuildConfiguration;
			buildSettings = {
				ASSETCATALOG_COMPILER_APPICON_NAME = AppIcon;
				ASSETCATALOG_COMPILER_GLOBAL_ACCENT_COLOR_NAME = AccentColor;
				CODE_SIGN_ENTITLEMENTS = StudentPlusClient/StudentPlusClient.entitlements;
				CODE_SIGN_STYLE = Automatic;
				CURRENT_PROJECT_VERSION = 1;
				DEVELOPMENT_ASSET_PATHS = "\"StudentPlusClient/Preview Content\"";
				DEVELOPMENT_TEAM = DFZ8N2CQSG;
				ENABLE_HARDENED_RUNTIME = YES;
				ENABLE_PREVIEWS = YES;
				GENERATE_INFOPLIST_FILE = YES;
				"INFOPLIST_KEY_UIApplicationSceneManifest_Generation[sdk=iphoneos*]" = YES;
				"INFOPLIST_KEY_UIApplicationSceneManifest_Generation[sdk=iphonesimulator*]" = YES;
				"INFOPLIST_KEY_UIApplicationSupportsIndirectInputEvents[sdk=iphoneos*]" = YES;
				"INFOPLIST_KEY_UIApplicationSupportsIndirectInputEvents[sdk=iphonesimulator*]" = YES;
				"INFOPLIST_KEY_UILaunchScreen_Generation[sdk=iphoneos*]" = YES;
				"INFOPLIST_KEY_UILaunchScreen_Generation[sdk=iphonesimulator*]" = YES;
				"INFOPLIST_KEY_UIStatusBarStyle[sdk=iphoneos*]" = UIStatusBarStyleDefault;
				"INFOPLIST_KEY_UIStatusBarStyle[sdk=iphonesimulator*]" = UIStatusBarStyleDefault;
				INFOPLIST_KEY_UISupportedInterfaceOrientations_iPad = "UIInterfaceOrientationPortrait UIInterfaceOrientationPortraitUpsideDown UIInterfaceOrientationLandscapeLeft UIInterfaceOrientationLandscapeRight";
				INFOPLIST_KEY_UISupportedInterfaceOrientations_iPhone = "UIInterfaceOrientationPortrait UIInterfaceOrientationLandscapeLeft UIInterfaceOrientationLandscapeRight";
				IPHONEOS_DEPLOYMENT_TARGET = 16.2;
				LD_RUNPATH_SEARCH_PATHS = "@executable_path/Frameworks";
				"LD_RUNPATH_SEARCH_PATHS[sdk=macosx*]" = "@executable_path/../Frameworks";
				MACOSX_DEPLOYMENT_TARGET = 13.1;
				MARKETING_VERSION = 1.0;
				PRODUCT_BUNDLE_IDENTIFIER = komoldevelopment.StudentPlusClient;
				PRODUCT_NAME = "$(TARGET_NAME)";
				SDKROOT = auto;
				SUPPORTED_PLATFORMS = "iphoneos iphonesimulator macosx";
				SWIFT_EMIT_LOC_STRINGS = YES;
				SWIFT_VERSION = 5.0;
				TARGETED_DEVICE_FAMILY = "1,2";
			};
			name = Release;
		};
		B82DEC7629719C8C00BAE6A3 /* Debug */ = {
			isa = XCBuildConfiguration;
			buildSettings = {
				ALWAYS_EMBED_SWIFT_STANDARD_LIBRARIES = YES;
				BUNDLE_LOADER = "$(TEST_HOST)";
				CODE_SIGN_STYLE = Automatic;
				CURRENT_PROJECT_VERSION = 1;
				DEVELOPMENT_TEAM = DFZ8N2CQSG;
				GENERATE_INFOPLIST_FILE = YES;
				IPHONEOS_DEPLOYMENT_TARGET = 16.2;
				MACOSX_DEPLOYMENT_TARGET = 13.1;
				MARKETING_VERSION = 1.0;
				PRODUCT_BUNDLE_IDENTIFIER = komoldevelopment.StudentPlusClientTests;
				PRODUCT_NAME = "$(TARGET_NAME)";
				SDKROOT = auto;
				SUPPORTED_PLATFORMS = "iphoneos iphonesimulator macosx";
				SWIFT_EMIT_LOC_STRINGS = NO;
				SWIFT_VERSION = 5.0;
				TARGETED_DEVICE_FAMILY = "1,2";
				TEST_HOST = "$(BUILT_PRODUCTS_DIR)/StudentPlusClient.app/$(BUNDLE_EXECUTABLE_FOLDER_PATH)/StudentPlusClient";
			};
			name = Debug;
		};
		B82DEC7729719C8C00BAE6A3 /* Release */ = {
			isa = XCBuildConfiguration;
			buildSettings = {
				ALWAYS_EMBED_SWIFT_STANDARD_LIBRARIES = YES;
				BUNDLE_LOADER = "$(TEST_HOST)";
				CODE_SIGN_STYLE = Automatic;
				CURRENT_PROJECT_VERSION = 1;
				DEVELOPMENT_TEAM = DFZ8N2CQSG;
				GENERATE_INFOPLIST_FILE = YES;
				IPHONEOS_DEPLOYMENT_TARGET = 16.2;
				MACOSX_DEPLOYMENT_TARGET = 13.1;
				MARKETING_VERSION = 1.0;
				PRODUCT_BUNDLE_IDENTIFIER = komoldevelopment.StudentPlusClientTests;
				PRODUCT_NAME = "$(TARGET_NAME)";
				SDKROOT = auto;
				SUPPORTED_PLATFORMS = "iphoneos iphonesimulator macosx";
				SWIFT_EMIT_LOC_STRINGS = NO;
				SWIFT_VERSION = 5.0;
				TARGETED_DEVICE_FAMILY = "1,2";
				TEST_HOST = "$(BUILT_PRODUCTS_DIR)/StudentPlusClient.app/$(BUNDLE_EXECUTABLE_FOLDER_PATH)/StudentPlusClient";
			};
			name = Release;
		};
		B82DEC7929719C8C00BAE6A3 /* Debug */ = {
			isa = XCBuildConfiguration;
			buildSettings = {
				ALWAYS_EMBED_SWIFT_STANDARD_LIBRARIES = YES;
				CODE_SIGN_STYLE = Automatic;
				CURRENT_PROJECT_VERSION = 1;
				DEVELOPMENT_TEAM = DFZ8N2CQSG;
				GENERATE_INFOPLIST_FILE = YES;
				IPHONEOS_DEPLOYMENT_TARGET = 16.2;
				MACOSX_DEPLOYMENT_TARGET = 13.1;
				MARKETING_VERSION = 1.0;
				PRODUCT_BUNDLE_IDENTIFIER = komoldevelopment.StudentPlusClientUITests;
				PRODUCT_NAME = "$(TARGET_NAME)";
				SDKROOT = auto;
				SUPPORTED_PLATFORMS = "iphoneos iphonesimulator macosx";
				SWIFT_EMIT_LOC_STRINGS = NO;
				SWIFT_VERSION = 5.0;
				TARGETED_DEVICE_FAMILY = "1,2";
				TEST_TARGET_NAME = StudentPlusClient;
			};
			name = Debug;
		};
		B82DEC7A29719C8C00BAE6A3 /* Release */ = {
			isa = XCBuildConfiguration;
			buildSettings = {
				ALWAYS_EMBED_SWIFT_STANDARD_LIBRARIES = YES;
				CODE_SIGN_STYLE = Automatic;
				CURRENT_PROJECT_VERSION = 1;
				DEVELOPMENT_TEAM = DFZ8N2CQSG;
				GENERATE_INFOPLIST_FILE = YES;
				IPHONEOS_DEPLOYMENT_TARGET = 16.2;
				MACOSX_DEPLOYMENT_TARGET = 13.1;
				MARKETING_VERSION = 1.0;
				PRODUCT_BUNDLE_IDENTIFIER = komoldevelopment.StudentPlusClientUITests;
				PRODUCT_NAME = "$(TARGET_NAME)";
				SDKROOT = auto;
				SUPPORTED_PLATFORMS = "iphoneos iphonesimulator macosx";
				SWIFT_EMIT_LOC_STRINGS = NO;
				SWIFT_VERSION = 5.0;
				TARGETED_DEVICE_FAMILY = "1,2";
				TEST_TARGET_NAME = StudentPlusClient;
			};
			name = Release;
		};
/* End XCBuildConfiguration section */

/* Begin XCConfigurationList section */
		B82DEC4829719C8B00BAE6A3 /* Build configuration list for PBXProject "StudentPlusClient" */ = {
			isa = XCConfigurationList;
			buildConfigurations = (
				B82DEC7029719C8C00BAE6A3 /* Debug */,
				B82DEC7129719C8C00BAE6A3 /* Release */,
			);
			defaultConfigurationIsVisible = 0;
			defaultConfigurationName = Release;
		};
		B82DEC7229719C8C00BAE6A3 /* Build configuration list for PBXNativeTarget "StudentPlusClient" */ = {
			isa = XCConfigurationList;
			buildConfigurations = (
				B82DEC7329719C8C00BAE6A3 /* Debug */,
				B82DEC7429719C8C00BAE6A3 /* Release */,
			);
			defaultConfigurationIsVisible = 0;
			defaultConfigurationName = Release;
		};
		B82DEC7529719C8C00BAE6A3 /* Build configuration list for PBXNativeTarget "StudentPlusClientTests" */ = {
			isa = XCConfigurationList;
			buildConfigurations = (
				B82DEC7629719C8C00BAE6A3 /* Debug */,
				B82DEC7729719C8C00BAE6A3 /* Release */,
			);
			defaultConfigurationIsVisible = 0;
			defaultConfigurationName = Release;
		};
		B82DEC7829719C8C00BAE6A3 /* Build configuration list for PBXNativeTarget "StudentPlusClientUITests" */ = {
			isa = XCConfigurationList;
			buildConfigurations = (
				B82DEC7929719C8C00BAE6A3 /* Debug */,
				B82DEC7A29719C8C00BAE6A3 /* Release */,
			);
			defaultConfigurationIsVisible = 0;
			defaultConfigurationName = Release;
		};
/* End XCConfigurationList section */

/* Begin XCRemoteSwiftPackageReference section */
		B88D47262975D27700E6F5DB /* XCRemoteSwiftPackageReference "WebRTC" */ = {
			isa = XCRemoteSwiftPackageReference;
			repositoryURL = "https://github.com/stasel/WebRTC.git";
			requirement = {
				kind = upToNextMajorVersion;
				minimumVersion = 96.0.0;
			};
		};
/* End XCRemoteSwiftPackageReference section */

/* Begin XCSwiftPackageProductDependency section */
		B88D47272975D27700E6F5DB /* WebRTC */ = {
			isa = XCSwiftPackageProductDependency;
			package = B88D47262975D27700E6F5DB /* XCRemoteSwiftPackageReference "WebRTC" */;
			productName = WebRTC;
		};
/* End XCSwiftPackageProductDependency section */
	};
	rootObject = B82DEC4529719C8B00BAE6A3 /* Project object */;
}
